version = 1
revision = 3
requires-python = "==3.12.*"

[[package]]
name = "annotated-types"
version = "0.8.0"
source = { registry = "https://pypi.org/simple" }
sdist = { url = "https://files.pythonhosted.org/packages/5f/56/a8120250d128bed162cd73c76d45f6ef9991f3e068f62a8ee060afa3104a/annotated_types-0.8.0.tar.gz", hash = "sha256:13b2beaad985e05e2d6407ee4c4f35590b11f8d693a258a561055cac8f64cab7", size = 15893, upload-time = "2026-07-23T20:16:13.995Z" }
wheels = [
    { url = "https://files.pythonhosted.org/packages/99/91/8acff4f5e50511b911bbccb72b8628a49c68ce14148cd9f6431094859a90/annotated_types-0.8.0-py3-none-any.whl", hash = "sha256:f072f4d804ea359e4eaf198b1af7a8b0943881a87f31bb764f8bf219bb9419e0", size = 13427, upload-time = "2026-07-23T20:16:12.938Z" },
]

[[package]]
name = "anyio"
version = "4.15.0"
source = { registry = "https://pypi.org/simple" }
dependencies = [
    { name = "idna" },
    { name = "typing-extensions" },
]
sdist = { url = "https://files.pythonhosted.org/packages/ea/9a/c15a60547004a3f3cea20296c934f827ddd7bdba225a2e7e9fcb5ec48c80/anyio-4.15.0.tar.gz", hash = "sha256:b5c620ed540725e2579c31b17bb995b3bf02c9281c9cace04c7d186380bab85e", size = 276504, upload-time = "2026-09-02T21:46:36.957Z" }
wheels = [
    { url = "https://files.pythonhosted.org/packages/21/a6/2b21ce5ebe4d8938a247c9b0dbb7271566ae559b01795c83ea4bb2660ed7/anyio-4.15.0-py3-none-any.whl", hash = "sha256:7ecd9937369ffce8bba0b5ccb9b3a9507b101b0ed50256aecfbab27e6c2acb99", size = 131908, upload-time = "2026-09-02T21:46:35.485Z" },
]

[[package]]
name = "app"
version = "0.1.0"
source = { virtual = "." }
dependencies = [
    { name = "apscheduler" },
    { name = "bcrypt" },
    { name = "email-validator" },
    { name = "fastapi" },
    { name = "httpx" },
    { name = "passlib", extra = ["bcrypt"] },
    { name = "psycopg2-binary" },
    { name = "pydantic" },
    { name = "pydantic-settings" },
    { name = "python-dotenv" },
    { name = "python-jose", extra = ["cryptography"] },
    { name = "python-multipart" },
    { name = "redis" },
    { name = "sqlalchemy" },
    { name = "uvicorn", extra = ["standard"] },
]

[package.metadata]
requires-dist = [
    { name = "apscheduler", specifier = "==3.10.4" },
    { name = "bcrypt", specifier = "==4.2.1" },
    { name = "email-validator", specifier = "==2.2.0" },
    { name = "fastapi", specifier = "==0.115.6" },
    { name = "httpx", specifier = "==0.28.1" },
    { name = "passlib", extras = ["bcrypt"], specifier = "==1.7.4" },
    { name = "psycopg2-binary", specifier = "==2.9.10" },
    { name = "pydantic", specifier = "==2.10.4" },
    { name = "pydantic-settings", specifier = "==2.7.0" },
    { name = "python-dotenv", specifier = "==1.0.1" },
    { name = "python-jose", extras = ["cryptography"], specifier = "==3.3.0" },
    { name = "python-multipart", specifier = "==0.0.20" },
    { name = "redis", specifier = "==5.2.1" },
    { name = "sqlalchemy", specifier = "==2.0.36" },
    { name = "uvicorn", extras = ["standard"], specifier = "==0.34.0" },
]
